# This file was autogenerated by Stack.
# You should not edit this file by hand.
# For more information, please see the documentation at:
#   https://docs.haskellstack.org/en/stable/lock_files

packages:
- completed:
    hackage: gamma-0.9.0.2@sha256:f8c963ad13864fe6c84ab089951e8f48907fed3f2a7de2068b781c0c0d0be426,1431
    pantry-tree:
      size: 555
      sha256: 80ae2e390f4abf85757ee1c9a67aad895dbd3b6f5717513dc832cc53f1be64fe
  original:
    hackage: gamma-0.9.0.2
- completed:
    hackage: continued-fractions-0.9.1.1@sha256:088742f5f45e8488cf2ba0b7bba27c891206f484ac4edbc844970080df245c3d,1132
    pantry-tree:
      size: 188
      sha256: 1aec7c917904863cf910b5d93b7c3d8ffe4a90da15b62ec674a3ff05b623fe44
  original:
    hackage: continued-fractions-0.9.1.1
- completed:
    hackage: converge-0.1.0.1@sha256:47e5534a30ab798062012c003df12efcb9b3fbc63ac4f80525dcfc70737f1dc0,1203
    pantry-tree:
      size: 176
      sha256: ab6d6806d42f704168db1e9a52893daff67fd2d5b98f915a17e69d158492ccf6
  original:
    hackage: converge-0.1.0.1
- completed:
    hackage: MonadRandom-0.4@sha256:f2a23dbc6b11ab5e3006e725530371a6c0d5531262c6c1573d590f6de2862fd7,947
    pantry-tree:
      size: 345
      sha256: f296dcc832e37f9a517c0c3c5a83efbc4ae1a2ba74f8e5e19ce0be87387bd1e7
  original:
    hackage: MonadRandom-0.4
- completed:
    hackage: bytes-0.15.0.1@sha256:a38761e7550c9ad5d2d6083c0ccc7c03f3ab77a58b294b157d5b3c9112318bbf,2410
    pantry-tree:
      size: 1065
      sha256: 8347fa73685fed322236ecf7329022daa272f7a8041a2bdf708acb2d81a2fb66
  original:
    hackage: bytes-0.15.0.1
- completed:
    hackage: cassava-0.4.3.1@sha256:698c3f8bf72c561280944d2ace8be7c0b271c83557426a9474699930644b3828,3009
    pantry-tree:
      size: 1464
      sha256: 78873027e130f06b90a9edb6672ebb9411ad9811e7e035ebe1d9f04cf9d7a6f5
  original:
    hackage: cassava-0.4.3.1
- completed:
    hackage: hmatrix-0.16.1.5@sha256:ee3f7aefabe5feb98b6b67656a5585e2050bf3bd52c873c2aa8e70adbd5ea646,4621
    pantry-tree:
      size: 2772
      sha256: 892f0d0bad024dc5c61b071dfc8398fc9302af247cc0d6647bb15bfde52c533e
  original:
    hackage: hmatrix-0.16.1.5
- completed:
    hackage: hyperloglog-0.3.4@sha256:2d152b42ce20e23f1ea60febb92e9600cde19932884c4418e65739d3e8ff27cf,3069
    pantry-tree:
      size: 903
      sha256: 9053ea557f531c67c38e252b2dee475ca6052e2af5b59d7a6155d138a3edb64a
  original:
    hackage: hyperloglog-0.3.4
- completed:
    hackage: lens-4.12.3@sha256:09dbf400729aff45281c4cf53c5450b0c3513127aa14ce141e432d2f9ef472dc,15175
    pantry-tree:
      size: 7765
      sha256: f05d542aa77cb21446564e599fc0bddda4e98c62c965d96ccb29bf1a6c4506f8
  original:
    hackage: lens-4.12.3
- completed:
    hackage: parallel-3.2.0.6@sha256:9a700458d6ef097fc5093423041670d15669caac633eae4b05d41614758f165a,1346
    pantry-tree:
      size: 391
      sha256: 1498ae1f3dcef2d65a2077902b4c85844f9c09bdb7c34497feb21a4c00e79c17
  original:
    hackage: parallel-3.2.0.6
- completed:
    hackage: semigroups-0.16.2.2@sha256:b8229a0053a62cc9ea4cac7fe00e3ad89829280ceb4fabb67ab7107353cd1f6e,3675
    pantry-tree:
      size: 523
      sha256: 00f59fff64f568e03df42ff122a59d729a679184543109ae5fe682f94d121d18
  original:
    hackage: semigroups-0.16.2.2
- completed:
    hackage: vector-0.10.12.3@sha256:3d7ba0b3038238c5be99e9c8fd9910b2206aba050bb133b5efbd3904b83304cf,5669
    pantry-tree:
      size: 3202
      sha256: 23bb8040fc5ffaaa8d23a02934cbccb46100b0ced631028e778d076532455c44
  original:
    hackage: vector-0.10.12.3
- completed:
    hackage: cereal-0.4.1.1@sha256:b3fd4264426c11c65558aafe7ead21be0c4274e68f8c811a6203c4b473045c04,2134
    pantry-tree:
      size: 831
      sha256: 8696beaae34bec86b486ffcb824c3581426eb6fb3415c7eb7cc1cf14b767225f
  original:
    hackage: cereal-0.4.1.1
- completed:
    hackage: reflection-2@sha256:b3e8e1b0c4690a9df45d317401c04691d44286f8f2685b3b70c5443e5e58b10f,3218
    pantry-tree:
      size: 695
      sha256: ed1023e8347b77252f749b5415756fad26fab33d0668a3ce4e6b76e53d2967d4
  original:
    hackage: reflection-2
- completed:
    hackage: safecopy-0.8.6@sha256:5ea34be4625333c54135b8aaac9e2f13b5f2dbbd3a9a3348e7fd2c4cedc3faf0,2791
    pantry-tree:
      size: 436
      sha256: 9492cc713b290f6f9ba3ef16f7eac6bebe90a269c591bf6ea514bb2e29d98291
  original:
    hackage: safecopy-0.8.6
- completed:
    hackage: approximate-0.2.2.1@sha256:9da646175179b6a5802678e7b66a332367f99006af8d9d5877e5b17b44093c00,2597
    pantry-tree:
      size: 1072
      sha256: 59884809603b72090cf56770dcf2f4f069bd4e19a04b995ea52c3c74bf97fbd5
  original:
    hackage: approximate-0.2.2.1
- completed:
    hackage: primitive-0.6.1.0@sha256:6ec7c2455c437aba71f856b797e7db440c83719509aa63a9a3d1b4652ca3683d,1941
    pantry-tree:
      size: 1054
      sha256: 20392469fdee1af6cd58f492fa62b1af780600bbae088884efb7f42e1d31c8d4
  original:
    hackage: primitive-0.6.1.0
- completed:
    hackage: random-1.2.1@sha256:8bee24dc0c985a90ee78d94c61f8aed21c49633686f0f1c14c5078d818ee43a2,6598
    pantry-tree:
      size: 1528
      sha256: 8bdc994ce41f43624ab42302a881fe5a0f81d965f5d238841e24943664681a06
  original:
    hackage: random-1.2.1
- completed:
    hackage: splitmix-0.1.0.4@sha256:714a55fd28d3e2533bd5b49e74f604ef8e5d7b06f249c8816f6c54aed431dcf1,6483
    pantry-tree:
      size: 1519
      sha256: 79f4645c11b7a3861db0b596297f72804f509444d639a8fd7c0162b1ed80c578
  original:
    hackage: splitmix-0.1.0.4
- completed:
    hackage: QuickCheck-2.8.1@sha256:dc506569c6ae130426706b2008814b5527a9e7e5c5d225dc7024e9fbf8bc62b7,5405
    pantry-tree:
      size: 1298
      sha256: 3c28f2919c920f516642971bd122840bd87341d82fe8603ce8b3227f066e0eed
  original:
    hackage: QuickCheck-2.8.1
- completed:
    hackage: attoparsec-0.13.2.5@sha256:7c88195c3f3243c6abe356c1bc872cf40818a8c7b0e261a8f8e6868fe42819a0,6171
    pantry-tree:
      size: 5305
      sha256: d41e1aa0534387e0b2f25ed2e79cae445ec65a442ca1ae1062b3c2acbd4cd6c2
  original:
    hackage: attoparsec-0.13.2.5
- completed:
    hackage: base-orphans-0.8.6@sha256:eb6758d0160d607e0c45dbd6b196f515b9a589fd4f6d2f926929dd5d56282d37,3175
    pantry-tree:
      size: 1272
      sha256: f889d6903383305688e6e703982bfdc985649b7d4538429e44f98f99d8f73c07
  original:
    hackage: base-orphans-0.8.6
- completed:
    hackage: bifunctors-5.5.11@sha256:cc425ee85aae56dba1123baf6fb3fa7abcd90782f26bb904eef14c7332ee85f6,3919
    pantry-tree:
      size: 1758
      sha256: d3f0fdcd108e771b5cb68ee068c9a8637494e0c513f0845124798cc9dcdd11f0
  original:
    hackage: bifunctors-5.5.11
- completed:
    hackage: bits-0.6@sha256:57ac6c1c6ede20096357ce4a8d14a54a3ada984b934d10bb371af18becbb1288,1496
    pantry-tree:
      size: 763
      sha256: 70aa4ad30843aea74327ba249c27c0b93ebb5a9d7fbba1bdc8ccd5f61a22bdb1
  original:
    hackage: bits-0.6
- completed:
    hackage: blaze-builder-0.4.2.2@sha256:fad6d2b2f60de413ad57fcd68011b2261d2f9f2b9cccea5a3225c85b545fbb3c,3680
    pantry-tree:
      size: 3102
      sha256: a1210a9e1edc557a78b78ded011ca58a67a521f4c1970ec485cdf905c794c230
  original:
    hackage: blaze-builder-0.4.2.2
- completed:
    hackage: bloomfilter-2.0.1.0@sha256:434f9ac96abb13038882c2e7fb3d0455adc7c6849d5486a57e461fcf6ae514b7,1803
    pantry-tree:
      size: 1081
      sha256: 6c500aa76e3bc4c39e91eb12d5f625963733c0193cf2e07493c9369fee76d37c
  original:
    hackage: bloomfilter-2.0.1.0
- completed:
    hackage: cereal-vector-0.2.0.1@sha256:26d8e359f4c0de6dc06bf29f1cc2805847cdd8576d9f1598ecb263a1ca372bec,1116
    pantry-tree:
      size: 355
      sha256: 48956faa588f592ea727c63061d8e923f2f421480bd03904220353518e428773
  original:
    hackage: cereal-vector-0.2.0.1
- completed:
    hackage: comonad-4.3@sha256:716e78365d054841b0e80999090bf7a61e2530f055f890892c87d0ab15cdc1c8,3624
    pantry-tree:
      size: 1766
      sha256: 2a0041b42e4403ff7c40192ac838ab0fe750a6cc62a10d62b8f7d7cf1a6a65d0
  original:
    hackage: comonad-4.3
- completed:
    hackage: contravariant-1.5.5@sha256:470ed0e040e879e2da4af1b2c8f94e199f6135852a8107858d5ae0a95365835f,3041
    pantry-tree:
      size: 652
      sha256: 9eb62fea28548dc8a0f60fd47c12843092b78b24ed771b8ad63a0bb34dba8bc4
  original:
    hackage: contravariant-1.5.5
- completed:
    hackage: distributive-0.6.2.1@sha256:0f99f5541cca04acf89b64432b03422b6408e830a8dff30e6c4334ef1a48680c,2996
    pantry-tree:
      size: 735
      sha256: a42bed5fe0ba295643538312dee6c9436314c05a6f7efdd32b4303979f8bd744
  original:
    hackage: distributive-0.6.2.1
- completed:
    hackage: erf-2.0.0.0@sha256:11c5d3747d17b589009cbe9656ca792e4b5b2560d4aa44f6f1e80044794b1a8b,577
    pantry-tree:
      size: 161
      sha256: 80f6ad1c948520e2329abeddf5523af5d0d0c6300ce267dd85cdb6e95265c7e5
  original:
    hackage: erf-2.0.0.0
- completed:
    hackage: exceptions-0.10.4@sha256:d2546046d7ba4b460d3bc7fd269cd2c52d0b7fb3cfecc038715dd0881b78a484,2796
    pantry-tree:
      size: 908
      sha256: 47c8edbb62334d318244124ebf8b188c08c8a98befd850ad3931041c10b549ac
  original:
    hackage: exceptions-0.10.4
- completed:
    hackage: free-4.12.4@sha256:c014d770f289f8afa7a4b7ff167dda84b8b4c341ab5c76088538735d575ab13e,3371
    pantry-tree:
      size: 2812
      sha256: 44382c6d6cd9ac6df5a259ddf5e9b2d2a2c0f7b8a1aff5596ab62dabb85626d6
  original:
    hackage: free-4.12.4
- completed:
    hackage: ghc-byteorder-4.11.0.0.10@sha256:e345720de7b28ba1bf434775d34d3b94da8e8dd5dc24469f008e1f82717c0352,1594
    pantry-tree:
      size: 169
      sha256: 91dc472189a4e6781f55b980a5be52742798e84c8c7ca3a6767a3b9a59d27835
  original:
    hackage: ghc-byteorder-4.11.0.0.10
- completed:
    hackage: hashable-1.2.7.0@sha256:03b6836ca9cd3ad0e5a2f3cce989b001dd0e05f306a873db3196037adb30e0a4,5215
    pantry-tree:
      size: 1514
      sha256: 901c4f10bcf6bda842b849950a2767c918f4ed59fa8885f7c945dd6c7e763332
  original:
    hackage: hashable-1.2.7.0
- completed:
    hackage: hashable-extras-0.2.3@sha256:8d70988312a39286abbbbbcae27964def38ed93ae680fad6c2900d5a962948c7,1871
    pantry-tree:
      size: 815
      sha256: 7abfcc5cb29e87fb694a5c065de0ba69fca132be8749373493dca8e7fe58a984
  original:
    hackage: hashable-extras-0.2.3
- completed:
    hackage: kan-extensions-4.2.3@sha256:c158f8c626776d2ffc630553a0e40143ff6635942f25c5b529200420af3819bc,1958
    pantry-tree:
      size: 1391
      sha256: 950277a5c7a2f3f3e9b0d434b791a69cac5045611d6502521748fb92a38e3ea2
  original:
    hackage: kan-extensions-4.2.3
- completed:
    hackage: log-domain-0.13.2@sha256:945285cdac8b4de11cb52f6e946f7325c97a480ce5ded12c713eecc72fc96ab9,1723
    pantry-tree:
      size: 647
      sha256: f338d7d5a06e099fabd025265d8fd83de9a40eee815a7d4dda6c766e73ebbb9d
  original:
    hackage: log-domain-0.13.2
- completed:
    hackage: monad-primitive-0.1@sha256:dc0f6ccd61aab3a1782a12c7291b9b04f0eee0b3f5709ef53afda58784a89075,874
    pantry-tree:
      size: 287
      sha256: a4b14d3951c8e79aba5b9b395c187cce18e479d6aa71e4ebf01bd3eca6ed1212
  original:
    hackage: monad-primitive-0.1
- completed:
    hackage: mtl-2.2.2@sha256:1050fb71acd9f5d67da7d992583f5bd0eb14407b9dc7acc122af1b738b706ca3,2261
    pantry-tree:
      size: 1713
      sha256: b8bdc2259e2f943a7252fb164805666fe108ac959d398e0af27b43ba2ebc241c
  original:
    hackage: mtl-2.2.2
- completed:
    hackage: nats-1.1.2@sha256:604a8bc02bb3cb0331ab3b45eeaed54f8a78a1c34eea253688f06837f1f58c61,2749
    pantry-tree:
      size: 523
      sha256: 595de3d3b440b2a8e54f169bf5efc21910b4198a3d79ccf9b4a54b456973a37a
  original:
    hackage: nats-1.1.2
- completed:
    hackage: old-time-1.1.0.3@sha256:c91fbb3ee73d20ccd015842b30f1f29a304893ebe0ae3128b7bbc13d5bb0d4c8,1328
    pantry-tree:
      size: 810
      sha256: 890bbbdf4175a409efd7c7c9fe153b71680e33bebeb74c9351d7d9d3a59d3d0e
  original:
    hackage: old-time-1.1.0.3
- completed:
    hackage: pointed-4.2.0.2@sha256:4c23f2537d55b92ce1f273caceaaf90bf61d9a1e21f034ea4b5414100445a44e,1435
    pantry-tree:
      size: 439
      sha256: d44fd7b86769b4f365c0030739e30ed2a968eaaa8000c3f9e1ec09125b3862a2
  original:
    hackage: pointed-4.2.0.2
- completed:
    hackage: profunctors-5.6.2@sha256:3d3685119243a7ebf984fa6af03299d156ab7674a432e2e15ecee2a4fd420fb6,2483
    pantry-tree:
      size: 1588
      sha256: 2a839845b75d600ab5a51c582a740de87805f794caa5836b6a16250d9b535789
  original:
    hackage: profunctors-5.6.2
- completed:
    hackage: semigroupoids-5.3.6@sha256:56119f42bc080256100bd6dab6292c144eef430b3430f2ce1581e8e06668d33e,7752
    pantry-tree:
      size: 2404
      sha256: bbdbff3cc65e5cf23a28e2256d282bffdba87b674d38681833e5624cc18ca88b
  original:
    hackage: semigroupoids-5.3.6
- completed:
    hackage: siphash-1.0.3@sha256:d629325f124617deeb6f1b172c8cbb30556090b32f3533cf8ea93ecb3df04de0,1218
    pantry-tree:
      size: 317
      sha256: 4c5b2b80bab13f2eb6dd533f8dedf1f13a62fc2582bf2ede2a5363aa527d2c8f
  original:
    hackage: siphash-1.0.3
- completed:
    hackage: split-0.2.3.4@sha256:a6df9c3e806ee7cb50bc980a183fc1156f35022a39430dabac0bf9456fe18a4b,2647
    pantry-tree:
      size: 439
      sha256: 4e7559f1be32a70cdbdb96d14db768561dd36b8fdff36b3ffac94751f5b5ae6d
  original:
    hackage: split-0.2.3.4
- completed:
    hackage: storable-complex-0.2.3.0@sha256:990a8b8b843c2d58d6b6f303a13b006ea444f722217c848f573d2444f391ea6a,1157
    pantry-tree:
      size: 331
      sha256: ca9f302ede83a1519b19840471bbb9dfbffcda3c1e8355f8b125499e94cd7714
  original:
    hackage: storable-complex-0.2.3.0
- completed:
    hackage: tagged-0.8.6.1@sha256:29c67d98a4404607f024750ab9c7210dadcbbef4e1944c48c52902f2071b2662,2874
    pantry-tree:
      size: 496
      sha256: 4548d4f2d43e25a182ac6f5da34364c4a41a1da88468c671445a0bf2a70c130c
  original:
    hackage: tagged-0.8.6.1
- completed:
    hackage: text-1.2.5.0@sha256:791f0f6c97ed96113f17ab520cf0efe1a3a4f883a8c85910a5660567c8241c40,7895
    pantry-tree:
      size: 7395
      sha256: f41504ec5c04a3f3358ef104362f02fdef29cbce4e5e4e6dbd6b6db70c40d4bf
  original:
    hackage: text-1.2.5.0
- completed:
    hackage: tf-random-0.5@sha256:14012837d0f0e18fdbbe3d56e67da8622ee5e20b180abce952dd50bd9f36b326,3983
    pantry-tree:
      size: 941
      sha256: d6483580cfea846cbf23ff1d7a67849546d5096425b6d61318a34554043b4ffb
  original:
    hackage: tf-random-0.5
- completed:
    hackage: transformers-compat-0.4.0.4@sha256:d67d723fee7787b40d634c73ea17f5b60cb7cac5b9b04074d91ff2fca63ffa97,2658
    pantry-tree:
      size: 1060
      sha256: e88bf10780c70c908ff07a3471d25f98077c72ceeee62e2dd4f494a09dcf9b62
  original:
    hackage: transformers-compat-0.4.0.4
- completed:
    hackage: unordered-containers-0.2.15.0@sha256:7e84950317c31e9c33f11e6338c1dcc9be0141ff696cf5249985c4625b9e144a,5217
    pantry-tree:
      size: 1316
      sha256: c81c3ba43b0f5588128c657312a845ec520449026aa8c0f68027534219afa078
  original:
    hackage: unordered-containers-0.2.15.0
- completed:
    hackage: void-0.7.3@sha256:13d30f62fcdf065e595d679d4ac8b4b0c1bb1a1b73db7b5b5a8f857cb5c8a546,1857
    pantry-tree:
      size: 584
      sha256: 5730b45e857424c97d24ee1cf530be1fc782cd000221ac97b5568be886cbbc2b
  original:
    hackage: void-0.7.3
- completed:
    hackage: StateVar-1.2.2@sha256:3c022c00485fe165e3080d5da6b3ca9c9b02f62c5deebc584d1b3d1309ce673e,1673
    pantry-tree:
      size: 314
      sha256: 204cac98219e99334f47b12c565945611748ea03a4d629273dd697d738bcfd7f
  original:
    hackage: StateVar-1.2.2
- completed:
    hackage: adjunctions-4.4@sha256:2738dd5f5d5e93749adb14a05472e58a96a75d0f299e46371c6f46dc4e97daf9,3067
    pantry-tree:
      size: 1560
      sha256: b9b90a45e77481a8f24baa9b61dbf862199ec736b99344b5c7ae9c905f0425d8
  original:
    hackage: adjunctions-4.4
- completed:
    hackage: cpu-0.1.2@sha256:1fb02eb37a397d3b709d09ed84b5c53ac00f4884be0039b7ccbc4a030c0bf53c,2181
    pantry-tree:
      size: 524
      sha256: 9d3ba1d62c5ceafabb4cc682009feb980805ee39dda835f10030f39af02e7b19
  original:
    hackage: cpu-0.1.2
- completed:
    hackage: data-default-class-0.0.1@sha256:ebc9e105820625b9fbceab9c38a9a417f01d36099156eb6ea4e0e7c1b17147e6,462
    pantry-tree:
      size: 224
      sha256: 5d1dea18f6cdd079c8d833b0048e39319888856fa7fa87ef3cdcee7fdbb80f72
  original:
    hackage: data-default-class-0.0.1
- completed:
    hackage: fail-4.9.0.0@sha256:35d1ee29364447c1b7d616bb1ee31f162b73e85fea91d7ca6441cf901398f572,1051
    pantry-tree:
      size: 210
      sha256: e4daa79eb6a4442ec85c86dfeb0eb4bf8624f8dcc5291a2216165120ecb77c13
  original:
    hackage: fail-4.9.0.0
- completed:
    hackage: old-locale-1.0.0.7@sha256:fa998be2c7e00cd26a6e9075bea790caaf3932caa3e9497ad69bc20380dd6911,1071
    pantry-tree:
      size: 263
      sha256: 462ef15cb35164d585aa3860f717c9685fbf05578330490860abd544381d2e24
  original:
    hackage: old-locale-1.0.0.7
- completed:
    hackage: prelude-extras-0.4.0.3@sha256:1c10b0123ea13a6423d74a8fcbaeb2d5249b472588abde418a36b47b7c4f48c8,1163
    pantry-tree:
      size: 476
      sha256: a03f60a1250c9d0daaf208ba58ccf24e05e0807f2e3dc7892fad3f2f3a196f7f
  original:
    hackage: prelude-extras-0.4.0.3
- completed:
    hackage: scientific-0.3.7.0@sha256:d7edb4dfb320e7b9cc9d503ca435d22983a236db06c7b4f3e81c099a9fd4cd73,4809
    pantry-tree:
      size: 657
      sha256: 7b09735385193ba6ba4cdbc9ccd2aa60989a5c913df439da23e0a87ca60576ee
  original:
    hackage: scientific-0.3.7.0
- completed:
    hackage: stm-2.5.0.1@sha256:542ac8bc1d7f8cf7ccdc787ef30105549234c858b82d61e4f9100f4b2f521e6f,2165
    pantry-tree:
      size: 1392
      sha256: a90a7d82c1803ee6a7235e15050af7bba7cb87dc5be0ef78cf19ddc3834c1e31
  original:
    hackage: stm-2.5.0.1
- completed:
    hackage: th-abstraction-0.4.3.0@sha256:db4b3b69398acd8a7c5c8cc8a962da55d65d05d44d5039b51bd3cb5fb3d8400f,2148
    pantry-tree:
      size: 670
      sha256: cd2d3fd020b3c6b415e41c71b60999ca7dd14918b056e15e090f640cba1feed8
  original:
    hackage: th-abstraction-0.4.3.0
- completed:
    hackage: integer-logarithms-1.0.3.1@sha256:b65e11ec6f4b29c5278716da0544b951a49ab5310608df0fc41eec29f15691d9,3229
    pantry-tree:
      size: 865
      sha256: 804c8c0d77470f84640ee70c66155f770798e295c0a0572e41d071f69e24ca4e
  original:
    hackage: integer-logarithms-1.0.3.1
snapshots: []
