# This file was autogenerated by Stack.
# You should not edit this file by hand.
# For more information, please see the documentation at:
#   https://docs.haskellstack.org/en/stable/lock_files

packages:
- completed:
    hackage: gamma-0.9.0.2@sha256:f8c963ad13864fe6c84ab089951e8f48907fed3f2a7de2068b781c0c0d0be426,1431
    pantry-tree:
      size: 555
      sha256: 80ae2e390f4abf85757ee1c9a67aad895dbd3b6f5717513dc832cc53f1be64fe
  original:
    hackage: gamma-0.9.0.2
- completed:
    hackage: continued-fractions-0.9.1.1@sha256:088742f5f45e8488cf2ba0b7bba27c891206f484ac4edbc844970080df245c3d,1132
    pantry-tree:
      size: 188
      sha256: 1aec7c917904863cf910b5d93b7c3d8ffe4a90da15b62ec674a3ff05b623fe44
  original:
    hackage: continued-fractions-0.9.1.1
- completed:
    hackage: converge-0.1.0.1@sha256:47e5534a30ab798062012c003df12efcb9b3fbc63ac4f80525dcfc70737f1dc0,1203
    pantry-tree:
      size: 176
      sha256: ab6d6806d42f704168db1e9a52893daff67fd2d5b98f915a17e69d158492ccf6
  original:
    hackage: converge-0.1.0.1
- completed:
    hackage: MonadRandom-0.4@sha256:f2a23dbc6b11ab5e3006e725530371a6c0d5531262c6c1573d590f6de2862fd7,947
    pantry-tree:
      size: 345
      sha256: f296dcc832e37f9a517c0c3c5a83efbc4ae1a2ba74f8e5e19ce0be87387bd1e7
  original:
    hackage: MonadRandom-0.4
- completed:
    hackage: bytes-0.15.0.1@sha256:a38761e7550c9ad5d2d6083c0ccc7c03f3ab77a58b294b157d5b3c9112318bbf,2410
    pantry-tree:
      size: 1065
      sha256: 8347fa73685fed322236ecf7329022daa272f7a8041a2bdf708acb2d81a2fb66
  original:
    hackage: bytes-0.15.0.1
- completed:
    hackage: cassava-0.4.3.1@sha256:698c3f8bf72c561280944d2ace8be7c0b271c83557426a9474699930644b3828,3009
    pantry-tree:
      size: 1464
      sha256: 78873027e130f06b90a9edb6672ebb9411ad9811e7e035ebe1d9f04cf9d7a6f5
  original:
    hackage: cassava-0.4.3.1
- completed:
    hackage: hmatrix-0.16.1.5@sha256:ee3f7aefabe5feb98b6b67656a5585e2050bf3bd52c873c2aa8e70adbd5ea646,4621
    pantry-tree:
      size: 2772
      sha256: 892f0d0bad024dc5c61b071dfc8398fc9302af247cc0d6647bb15bfde52c533e
  original:
    hackage: hmatrix-0.16.1.5
- completed:
    hackage: hyperloglog-0.3.4@sha256:2d152b42ce20e23f1ea60febb92e9600cde19932884c4418e65739d3e8ff27cf,3069
    pantry-tree:
      size: 903
      sha256: 9053ea557f531c67c38e252b2dee475ca6052e2af5b59d7a6155d138a3edb64a
  original:
    hackage: hyperloglog-0.3.4
- completed:
    hackage: lens-4.12.3@sha256:09dbf400729aff45281c4cf53c5450b0c3513127aa14ce141e432d2f9ef472dc,15175
    pantry-tree:
      size: 7765
      sha256: f05d542aa77cb21446564e599fc0bddda4e98c62c965d96ccb29bf1a6c4506f8
  original:
    hackage: lens-4.12.3
- completed:
    hackage: parallel-3.2.0.6@sha256:9a700458d6ef097fc5093423041670d15669caac633eae4b05d41614758f165a,1346
    pantry-tree:
      size: 391
      sha256: 1498ae1f3dcef2d65a2077902b4c85844f9c09bdb7c34497feb21a4c00e79c17
  original:
    hackage: parallel-3.2.0.6
- completed:
    hackage: semigroups-0.16.2.2@sha256:b8229a0053a62cc9ea4cac7fe00e3ad89829280ceb4fabb67ab7107353cd1f6e,3675
    pantry-tree:
      size: 523
      sha256: 00f59fff64f568e03df42ff122a59d729a679184543109ae5fe682f94d121d18
  original:
    hackage: semigroups-0.16.2.2
- completed:
    hackage: vector-0.10.12.3@sha256:3d7ba0b3038238c5be99e9c8fd9910b2206aba050bb133b5efbd3904b83304cf,5669
    pantry-tree:
      size: 3202
      sha256: 23bb8040fc5ffaaa8d23a02934cbccb46100b0ced631028e778d076532455c44
  original:
    hackage: vector-0.10.12.3
- completed:
    hackage: cereal-0.4.1.1@sha256:b3fd4264426c11c65558aafe7ead21be0c4274e68f8c811a6203c4b473045c04,2134
    pantry-tree:
      size: 831
      sha256: 8696beaae34bec86b486ffcb824c3581426eb6fb3415c7eb7cc1cf14b767225f
  original:
    hackage: cereal-0.4.1.1
- completed:
    hackage: reflection-2@sha256:b3e8e1b0c4690a9df45d317401c04691d44286f8f2685b3b70c5443e5e58b10f,3218
    pantry-tree:
      size: 695
      sha256: ed1023e8347b77252f749b5415756fad26fab33d0668a3ce4e6b76e53d2967d4
  original:
    hackage: reflection-2
- completed:
    hackage: safecopy-0.8.6@sha256:5ea34be4625333c54135b8aaac9e2f13b5f2dbbd3a9a3348e7fd2c4cedc3faf0,2791
    pantry-tree:
      size: 436
      sha256: 9492cc713b290f6f9ba3ef16f7eac6bebe90a269c591bf6ea514bb2e29d98291
  original:
    hackage: safecopy-0.8.6
- completed:
    hackage: approximate-0.2.2.1@sha256:9da646175179b6a5802678e7b66a332367f99006af8d9d5877e5b17b44093c00,2597
    pantry-tree:
      size: 1072
      sha256: 59884809603b72090cf56770dcf2f4f069bd4e19a04b995ea52c3c74bf97fbd5
  original:
    hackage: approximate-0.2.2.1
- completed:
    hackage: primitive-0.6.1.0@sha256:6ec7c2455c437aba71f856b797e7db440c83719509aa63a9a3d1b4652ca3683d,1941
    pantry-tree:
      size: 1054
      sha256: 20392469fdee1af6cd58f492fa62b1af780600bbae088884efb7f42e1d31c8d4
  original:
    hackage: primitive-0.6.1.0
snapshots:
- completed:
    size: 374380
    url: https://raw.githubusercontent.com/commercialhaskell/stackage-snapshots/master/lts/5/14.yaml
    sha256: f88439b6f99d858045c117b6d87aacdc280c597be135944b08d9cd70c0b6880f
  original: lts-5.14
